// !$*UTF8*$!
{
	archiveVersion = 1;
	classes = {
	};
	objectVersion = 56;
	objects = {

/* Begin PBXBuildFile section */
		CDBA7CDC29537408003E339F /* AppDelegate.swift in Sources */ = {isa = PBXBuildFile; fileRef = CDBA7CDB29537408003E339F /* AppDelegate.swift */; };
		CDBA7CDE29537408003E339F /* SceneDelegate.swift in Sources */ = {isa = PBXBuildFile; fileRef = CDBA7CDD29537408003E339F /* SceneDelegate.swift */; };
		CDBA7CE329537408003E339F /* Main.storyboard in Resources */ = {isa = PBXBuildFile; fileRef = CDBA7CE129537408003E339F /* Main.storyboard */; };
		CDBA7CE529537409003E339F /* Assets.xcassets in Resources */ = {isa = PBXBuildFile; fileRef = CDBA7CE429537409003E339F /* Assets.xcassets */; };
		CDBA7CE829537409003E339F /* LaunchScreen.storyboard in Resources */ = {isa = PBXBuildFile; fileRef = CDBA7CE629537409003E339F /* LaunchScreen.storyboard */; };
		CDBA7CF129537635003E339F /* LoginViewController.swift in Sources */ = {isa = PBXBuildFile; fileRef = CDBA7CF029537635003E339F /* LoginViewController.swift */; };
		CDBA7CF329549FF8003E339F /* SignupViewController.swift in Sources */ = {isa = PBXBuildFile; fileRef = CDBA7CF229549FF8003E339F /* SignupViewController.swift */; };
		CDBA7CF52954A008003E339F /* RecipeSearchViewController.swift in Sources */ = {isa = PBXBuildFile; fileRef = CDBA7CF42954A008003E339F /* RecipeSearchViewController.swift */; };
		CDBA7CF72954A127003E339F /* RecipeDetailViewController.swift in Sources */ = {isa = PBXBuildFile; fileRef = CDBA7CF62954A127003E339F /* RecipeDetailViewController.swift */; };
		CDBA7CFB2954CCED003E339F /* MyRecipeBookViewController.swift in Sources */ = {isa = PBXBuildFile; fileRef = CDBA7CFA2954CCED003E339F /* MyRecipeBookViewController.swift */; };
		CDBA7CFD2954CCF8003E339F /* RandomRecipeViewController.swift in Sources */ = {isa = PBXBuildFile; fileRef = CDBA7CFC2954CCF8003E339F /* RandomRecipeViewController.swift */; };
		CDBA7CFF2954CD06003E339F /* ProfileViewController.swift in Sources */ = {isa = PBXBuildFile; fileRef = CDBA7CFE2954CD06003E339F /* ProfileViewController.swift */; };
		CE5B76CF2954AA2300B58EA7 /* RecipeDataSource.swift in Sources */ = {isa = PBXBuildFile; fileRef = CE5B76CE2954AA2300B58EA7 /* RecipeDataSource.swift */; };
		CE5B76D12954ADB000B58EA7 /* Profile.swift in Sources */ = {isa = PBXBuildFile; fileRef = CE5B76D02954ADB000B58EA7 /* Profile.swift */; };
		CE5B76D52954B07000B58EA7 /* AdvancedFilter.swift in Sources */ = {isa = PBXBuildFile; fileRef = CE5B76D42954B07000B58EA7 /* AdvancedFilter.swift */; };
		CE5B76D72954B0C200B58EA7 /* Filter.swift in Sources */ = {isa = PBXBuildFile; fileRef = CE5B76D62954B0C200B58EA7 /* Filter.swift */; };
		CE5B76DA2954B5A800B58EA7 /* RecipeQueryResult.swift in Sources */ = {isa = PBXBuildFile; fileRef = CE5B76D92954B5A800B58EA7 /* RecipeQueryResult.swift */; };
		CE5B76DC2954B74B00B58EA7 /* RecipeDetail.swift in Sources */ = {isa = PBXBuildFile; fileRef = CE5B76DB2954B74B00B58EA7 /* RecipeDetail.swift */; };
		CE5B76DE2954BAF600B58EA7 /* Ingredient.swift in Sources */ = {isa = PBXBuildFile; fileRef = CE5B76DD2954BAF600B58EA7 /* Ingredient.swift */; };
		CE5B76E02954BDC700B58EA7 /* DataLoadedDelegate.swift in Sources */ = {isa = PBXBuildFile; fileRef = CE5B76DF2954BDC700B58EA7 /* DataLoadedDelegate.swift */; };
/* End PBXBuildFile section */

/* Begin PBXFileReference section */
		CDBA7CD829537408003E339F /* FoodMaster.app */ = {isa = PBXFileReference; explicitFileType = wrapper.application; includeInIndex = 0; path = FoodMaster.app; sourceTree = BUILT_PRODUCTS_DIR; };
		CDBA7CDB29537408003E339F /* AppDelegate.swift */ = {isa = PBXFileReference; lastKnownFileType = sourcecode.swift; path = AppDelegate.swift; sourceTree = "<group>"; };
		CDBA7CDD29537408003E339F /* SceneDelegate.swift */ = {isa = PBXFileReference; lastKnownFileType = sourcecode.swift; path = SceneDelegate.swift; sourceTree = "<group>"; };
		CDBA7CE229537408003E339F /* Base */ = {isa = PBXFileReference; lastKnownFileType = file.storyboard; name = Base; path = Base.lproj/Main.storyboard; sourceTree = "<group>"; };
		CDBA7CE429537409003E339F /* Assets.xcassets */ = {isa = PBXFileReference; lastKnownFileType = folder.assetcatalog; path = Assets.xcassets; sourceTree = "<group>"; };
		CDBA7CE729537409003E339F /* Base */ = {isa = PBXFileReference; lastKnownFileType = file.storyboard; name = Base; path = Base.lproj/LaunchScreen.storyboard; sourceTree = "<group>"; };
		CDBA7CE929537409003E339F /* Info.plist */ = {isa = PBXFileReference; lastKnownFileType = text.plist.xml; path = Info.plist; sourceTree = "<group>"; };
		CDBA7CF029537635003E339F /* LoginViewController.swift */ = {isa = PBXFileReference; lastKnownFileType = sourcecode.swift; path = LoginViewController.swift; sourceTree = "<group>"; };
		CDBA7CF229549FF8003E339F /* SignupViewController.swift */ = {isa = PBXFileReference; lastKnownFileType = sourcecode.swift; path = SignupViewController.swift; sourceTree = "<group>"; };
		CDBA7CF42954A008003E339F /* RecipeSearchViewController.swift */ = {isa = PBXFileReference; lastKnownFileType = sourcecode.swift; path = RecipeSearchViewController.swift; sourceTree = "<group>"; };
		CDBA7CF62954A127003E339F /* RecipeDetailViewController.swift */ = {isa = PBXFileReference; lastKnownFileType = sourcecode.swift; path = RecipeDetailViewController.swift; sourceTree = "<group>"; };
		CDBA7CFA2954CCED003E339F /* MyRecipeBookViewController.swift */ = {isa = PBXFileReference; lastKnownFileType = sourcecode.swift; path = MyRecipeBookViewController.swift; sourceTree = "<group>"; };
		CDBA7CFC2954CCF8003E339F /* RandomRecipeViewController.swift */ = {isa = PBXFileReference; lastKnownFileType = sourcecode.swift; path = RandomRecipeViewController.swift; sourceTree = "<group>"; };
		CDBA7CFE2954CD06003E339F /* ProfileViewController.swift */ = {isa = PBXFileReference; lastKnownFileType = sourcecode.swift; path = ProfileViewController.swift; sourceTree = "<group>"; };
		CE5B76CE2954AA2300B58EA7 /* RecipeDataSource.swift */ = {isa = PBXFileReference; lastKnownFileType = sourcecode.swift; path = RecipeDataSource.swift; sourceTree = "<group>"; };
		CE5B76D02954ADB000B58EA7 /* Profile.swift */ = {isa = PBXFileReference; lastKnownFileType = sourcecode.swift; path = Profile.swift; sourceTree = "<group>"; };
		CE5B76D42954B07000B58EA7 /* AdvancedFilter.swift */ = {isa = PBXFileReference; lastKnownFileType = sourcecode.swift; path = AdvancedFilter.swift; sourceTree = "<group>"; };
		CE5B76D62954B0C200B58EA7 /* Filter.swift */ = {isa = PBXFileReference; lastKnownFileType = sourcecode.swift; path = Filter.swift; sourceTree = "<group>"; };
		CE5B76D92954B5A800B58EA7 /* RecipeQueryResult.swift */ = {isa = PBXFileReference; lastKnownFileType = sourcecode.swift; path = RecipeQueryResult.swift; sourceTree = "<group>"; };
		CE5B76DB2954B74B00B58EA7 /* RecipeDetail.swift */ = {isa = PBXFileReference; lastKnownFileType = sourcecode.swift; path = RecipeDetail.swift; sourceTree = "<group>"; };
		CE5B76DD2954BAF600B58EA7 /* Ingredient.swift */ = {isa = PBXFileReference; lastKnownFileType = sourcecode.swift; path = Ingredient.swift; sourceTree = "<group>"; };
		CE5B76DF2954BDC700B58EA7 /* DataLoadedDelegate.swift */ = {isa = PBXFileReference; lastKnownFileType = sourcecode.swift; path = DataLoadedDelegate.swift; sourceTree = "<group>"; };
/* End PBXFileReference section */

/* Begin PBXFrameworksBuildPhase section */
		CDBA7CD529537408003E339F /* Frameworks */ = {
			isa = PBXFrameworksBuildPhase;
			buildActionMask = 2147483647;
			files = (
			);
			runOnlyForDeploymentPostprocessing = 0;
		};
/* End PBXFrameworksBuildPhase section */

/* Begin PBXGroup section */
		CDBA7CCF29537408003E339F = {
			isa = PBXGroup;
			children = (
				CDBA7CDA29537408003E339F /* FoodMaster */,
				CDBA7CD929537408003E339F /* Products */,
			);
			sourceTree = "<group>";
		};
		CDBA7CD929537408003E339F /* Products */ = {
			isa = PBXGroup;
			children = (
				CDBA7CD829537408003E339F /* FoodMaster.app */,
			);
			name = Products;
			sourceTree = "<group>";
		};
		CDBA7CDA29537408003E339F /* FoodMaster */ = {
			isa = PBXGroup;
			children = (
				CE5B76CD2954AA0000B58EA7 /* Model */,
				CDBA7CEF29537613003E339F /* Controller */,
				CDBA7CDB29537408003E339F /* AppDelegate.swift */,
				CDBA7CDD29537408003E339F /* SceneDelegate.swift */,
				CDBA7CE129537408003E339F /* Main.storyboard */,
				CDBA7CE429537409003E339F /* Assets.xcassets */,
				CDBA7CE629537409003E339F /* LaunchScreen.storyboard */,
				CDBA7CE929537409003E339F /* Info.plist */,
			);
			path = FoodMaster;
			sourceTree = "<group>";
		};
		CDBA7CEF29537613003E339F /* Controller */ = {
			isa = PBXGroup;
			children = (
				CDBA7CF82954CCA2003E339F /* NavigationBarControllers */,
				CDBA7CF029537635003E339F /* LoginViewController.swift */,
				CDBA7CF229549FF8003E339F /* SignupViewController.swift */,
				CDBA7CF62954A127003E339F /* RecipeDetailViewController.swift */,
			);
			path = Controller;
			sourceTree = "<group>";
		};
		CDBA7CF82954CCA2003E339F /* NavigationBarControllers */ = {
			isa = PBXGroup;
			children = (
				CDBA7CF42954A008003E339F /* RecipeSearchViewController.swift */,
				CDBA7CFA2954CCED003E339F /* MyRecipeBookViewController.swift */,
				CDBA7CFC2954CCF8003E339F /* RandomRecipeViewController.swift */,
				CDBA7CFE2954CD06003E339F /* ProfileViewController.swift */,
			);
			path = NavigationBarControllers;
		CE5B76CD2954AA0000B58EA7 /* Model */ = {
			isa = PBXGroup;
			children = (
				CE5B76CE2954AA2300B58EA7 /* RecipeDataSource.swift */,
				CE5B76D02954ADB000B58EA7 /* Profile.swift */,
				CE5B76D62954B0C200B58EA7 /* Filter.swift */,
				CE5B76D42954B07000B58EA7 /* AdvancedFilter.swift */,
				CE5B76D92954B5A800B58EA7 /* RecipeQueryResult.swift */,
				CE5B76DB2954B74B00B58EA7 /* RecipeDetail.swift */,
				CE5B76DD2954BAF600B58EA7 /* Ingredient.swift */,
				CE5B76DF2954BDC700B58EA7 /* DataLoadedDelegate.swift */,
			);
			path = Model;
			sourceTree = "<group>";
		};
/* End PBXGroup section */

/* Begin PBXNativeTarget section */
		CDBA7CD729537408003E339F /* FoodMaster */ = {
			isa = PBXNativeTarget;
			buildConfigurationList = CDBA7CEC29537409003E339F /* Build configuration list for PBXNativeTarget "FoodMaster" */;
			buildPhases = (
				CDBA7CD429537408003E339F /* Sources */,
				CDBA7CD529537408003E339F /* Frameworks */,
				CDBA7CD629537408003E339F /* Resources */,
			);
			buildRules = (
			);
			dependencies = (
			);
			name = FoodMaster;
			productName = FoodMaster;
			productReference = CDBA7CD829537408003E339F /* FoodMaster.app */;
			productType = "com.apple.product-type.application";
		};
/* End PBXNativeTarget section */

/* Begin PBXProject section */
		CDBA7CD029537408003E339F /* Project object */ = {
			isa = PBXProject;
			attributes = {
				BuildIndependentTargetsInParallel = 1;
				LastSwiftUpdateCheck = 1400;
				LastUpgradeCheck = 1400;
				TargetAttributes = {
					CDBA7CD729537408003E339F = {
						CreatedOnToolsVersion = 14.0.1;
					};
				};
			};
			buildConfigurationList = CDBA7CD329537408003E339F /* Build configuration list for PBXProject "FoodMaster" */;
			compatibilityVersion = "Xcode 14.0";
			developmentRegion = en;
			hasScannedForEncodings = 0;
			knownRegions = (
				en,
				Base,
			);
			mainGroup = CDBA7CCF29537408003E339F;
			productRefGroup = CDBA7CD929537408003E339F /* Products */;
			projectDirPath = "";
			projectRoot = "";
			targets = (
				CDBA7CD729537408003E339F /* FoodMaster */,
			);
		};
/* End PBXProject section */

/* Begin PBXResourcesBuildPhase section */
		CDBA7CD629537408003E339F /* Resources */ = {
			isa = PBXResourcesBuildPhase;
			buildActionMask = 2147483647;
			files = (
				CDBA7CE829537409003E339F /* LaunchScreen.storyboard in Resources */,
				CDBA7CE529537409003E339F /* Assets.xcassets in Resources */,
				CDBA7CE329537408003E339F /* Main.storyboard in Resources */,
			);
			runOnlyForDeploymentPostprocessing = 0;
		};
/* End PBXResourcesBuildPhase section */

/* Begin PBXSourcesBuildPhase section */
		CDBA7CD429537408003E339F /* Sources */ = {
			isa = PBXSourcesBuildPhase;
			buildActionMask = 2147483647;
			files = (
				CDBA7CFB2954CCED003E339F /* MyRecipeBookViewController.swift in Sources */,
				CDBA7CF129537635003E339F /* LoginViewController.swift in Sources */,
				CE5B76DE2954BAF600B58EA7 /* Ingredient.swift in Sources */,
				CE5B76D12954ADB000B58EA7 /* Profile.swift in Sources */,
				CE5B76D72954B0C200B58EA7 /* Filter.swift in Sources */,
				CDBA7CF52954A008003E339F /* RecipeSearchViewController.swift in Sources */,
				CE5B76DC2954B74B00B58EA7 /* RecipeDetail.swift in Sources */,
				CE5B76D52954B07000B58EA7 /* AdvancedFilter.swift in Sources */,
				CDBA7CDC29537408003E339F /* AppDelegate.swift in Sources */,
				CDBA7CF329549FF8003E339F /* SignupViewController.swift in Sources */,
				CDBA7CF72954A127003E339F /* RecipeDetailViewController.swift in Sources */,
				CDBA7CFF2954CD06003E339F /* ProfileViewController.swift in Sources */,
				CDBA7CFD2954CCF8003E339F /* RandomRecipeViewController.swift in Sources */,
				CE5B76CF2954AA2300B58EA7 /* RecipeDataSource.swift in Sources */,
				CDBA7CDE29537408003E339F /* SceneDelegate.swift in Sources */,
				CE5B76DA2954B5A800B58EA7 /* RecipeQueryResult.swift in Sources */,
				CE5B76E02954BDC700B58EA7 /* DataLoadedDelegate.swift in Sources */,
			);
			runOnlyForDeploymentPostprocessing = 0;
		};
/* End PBXSourcesBuildPhase section */

/* Begin PBXVariantGroup section */
		CDBA7CE129537408003E339F /* Main.storyboard */ = {
			isa = PBXVariantGroup;
			children = (
				CDBA7CE229537408003E339F /* Base */,
			);
			name = Main.storyboard;
			sourceTree = "<group>";
		};
		CDBA7CE629537409003E339F /* LaunchScreen.storyboard */ = {
			isa = PBXVariantGroup;
			children = (
				CDBA7CE729537409003E339F /* Base */,
			);
			name = LaunchScreen.storyboard;
			sourceTree = "<group>";
		};
/* End PBXVariantGroup section */

/* Begin XCBuildConfiguration section */
		CDBA7CEA29537409003E339F /* Debug */ = {
			isa = XCBuildConfiguration;
			buildSettings = {
				ALWAYS_SEARCH_USER_PATHS = NO;
				CLANG_ANALYZER_NONNULL = YES;
				CLANG_ANALYZER_NUMBER_OBJECT_CONVERSION = YES_AGGRESSIVE;
				CLANG_CXX_LANGUAGE_STANDARD = "gnu++20";
				CLANG_ENABLE_MODULES = YES;
				CLANG_ENABLE_OBJC_ARC = YES;
				CLANG_ENABLE_OBJC_WEAK = YES;
				CLANG_WARN_BLOCK_CAPTURE_AUTORELEASING = YES;
				CLANG_WARN_BOOL_CONVERSION = YES;
				CLANG_WARN_COMMA = YES;
				CLANG_WARN_CONSTANT_CONVERSION = YES;
				CLANG_WARN_DEPRECATED_OBJC_IMPLEMENTATIONS = YES;
				CLANG_WARN_DIRECT_OBJC_ISA_USAGE = YES_ERROR;
				CLANG_WARN_DOCUMENTATION_COMMENTS = YES;
				CLANG_WARN_EMPTY_BODY = YES;
				CLANG_WARN_ENUM_CONVERSION = YES;
				CLANG_WARN_INFINITE_RECURSION = YES;
				CLANG_WARN_INT_CONVERSION = YES;
				CLANG_WARN_NON_LITERAL_NULL_CONVERSION = YES;
				CLANG_WARN_OBJC_IMPLICIT_RETAIN_SELF = YES;
				CLANG_WARN_OBJC_LITERAL_CONVERSION = YES;
				CLANG_WARN_OBJC_ROOT_CLASS = YES_ERROR;
				CLANG_WARN_QUOTED_INCLUDE_IN_FRAMEWORK_HEADER = YES;
				CLANG_WARN_RANGE_LOOP_ANALYSIS = YES;
				CLANG_WARN_STRICT_PROTOTYPES = YES;
				CLANG_WARN_SUSPICIOUS_MOVE = YES;
				CLANG_WARN_UNGUARDED_AVAILABILITY = YES_AGGRESSIVE;
				CLANG_WARN_UNREACHABLE_CODE = YES;
				CLANG_WARN__DUPLICATE_METHOD_MATCH = YES;
				COPY_PHASE_STRIP = NO;
				DEBUG_INFORMATION_FORMAT = dwarf;
				ENABLE_STRICT_OBJC_MSGSEND = YES;
				ENABLE_TESTABILITY = YES;
				GCC_C_LANGUAGE_STANDARD = gnu11;
				GCC_DYNAMIC_NO_PIC = NO;
				GCC_NO_COMMON_BLOCKS = YES;
				GCC_OPTIMIZATION_LEVEL = 0;
				GCC_PREPROCESSOR_DEFINITIONS = (
					"DEBUG=1",
					"$(inherited)",
				);
				GCC_WARN_64_TO_32_BIT_CONVERSION = YES;
				GCC_WARN_ABOUT_RETURN_TYPE = YES_ERROR;
				GCC_WARN_UNDECLARED_SELECTOR = YES;
				GCC_WARN_UNINITIALIZED_AUTOS = YES_AGGRESSIVE;
				GCC_WARN_UNUSED_FUNCTION = YES;
				GCC_WARN_UNUSED_VARIABLE = YES;
				IPHONEOS_DEPLOYMENT_TARGET = 16.0;
				MTL_ENABLE_DEBUG_INFO = INCLUDE_SOURCE;
				MTL_FAST_MATH = YES;
				ONLY_ACTIVE_ARCH = YES;
				SDKROOT = iphoneos;
				SWIFT_ACTIVE_COMPILATION_CONDITIONS = DEBUG;
				SWIFT_OPTIMIZATION_LEVEL = "-Onone";
			};
			name = Debug;
		};
		CDBA7CEB29537409003E339F /* Release */ = {
			isa = XCBuildConfiguration;
			buildSettings = {
				ALWAYS_SEARCH_USER_PATHS = NO;
				CLANG_ANALYZER_NONNULL = YES;
				CLANG_ANALYZER_NUMBER_OBJECT_CONVERSION = YES_AGGRESSIVE;
				CLANG_CXX_LANGUAGE_STANDARD = "gnu++20";
				CLANG_ENABLE_MODULES = YES;
				CLANG_ENABLE_OBJC_ARC = YES;
				CLANG_ENABLE_OBJC_WEAK = YES;
				CLANG_WARN_BLOCK_CAPTURE_AUTORELEASING = YES;
				CLANG_WARN_BOOL_CONVERSION = YES;
				CLANG_WARN_COMMA = YES;
				CLANG_WARN_CONSTANT_CONVERSION = YES;
				CLANG_WARN_DEPRECATED_OBJC_IMPLEMENTATIONS = YES;
				CLANG_WARN_DIRECT_OBJC_ISA_USAGE = YES_ERROR;
				CLANG_WARN_DOCUMENTATION_COMMENTS = YES;
				CLANG_WARN_EMPTY_BODY = YES;
				CLANG_WARN_ENUM_CONVERSION = YES;
				CLANG_WARN_INFINITE_RECURSION = YES;
				CLANG_WARN_INT_CONVERSION = YES;
				CLANG_WARN_NON_LITERAL_NULL_CONVERSION = YES;
				CLANG_WARN_OBJC_IMPLICIT_RETAIN_SELF = YES;
				CLANG_WARN_OBJC_LITERAL_CONVERSION = YES;
				CLANG_WARN_OBJC_ROOT_CLASS = YES_ERROR;
				CLANG_WARN_QUOTED_INCLUDE_IN_FRAMEWORK_HEADER = YES;
				CLANG_WARN_RANGE_LOOP_ANALYSIS = YES;
				CLANG_WARN_STRICT_PROTOTYPES = YES;
				CLANG_WARN_SUSPICIOUS_MOVE = YES;
				CLANG_WARN_UNGUARDED_AVAILABILITY = YES_AGGRESSIVE;
				CLANG_WARN_UNREACHABLE_CODE = YES;
				CLANG_WARN__DUPLICATE_METHOD_MATCH = YES;
				COPY_PHASE_STRIP = NO;
				DEBUG_INFORMATION_FORMAT = "dwarf-with-dsym";
				ENABLE_NS_ASSERTIONS = NO;
				ENABLE_STRICT_OBJC_MSGSEND = YES;
				GCC_C_LANGUAGE_STANDARD = gnu11;
				GCC_NO_COMMON_BLOCKS = YES;
				GCC_WARN_64_TO_32_BIT_CONVERSION = YES;
				GCC_WARN_ABOUT_RETURN_TYPE = YES_ERROR;
				GCC_WARN_UNDECLARED_SELECTOR = YES;
				GCC_WARN_UNINITIALIZED_AUTOS = YES_AGGRESSIVE;
				GCC_WARN_UNUSED_FUNCTION = YES;
				GCC_WARN_UNUSED_VARIABLE = YES;
				IPHONEOS_DEPLOYMENT_TARGET = 16.0;
				MTL_ENABLE_DEBUG_INFO = NO;
				MTL_FAST_MATH = YES;
				SDKROOT = iphoneos;
				SWIFT_COMPILATION_MODE = wholemodule;
				SWIFT_OPTIMIZATION_LEVEL = "-O";
				VALIDATE_PRODUCT = YES;
			};
			name = Release;
		};
		CDBA7CED29537409003E339F /* Debug */ = {
			isa = XCBuildConfiguration;
			buildSettings = {
				ASSETCATALOG_COMPILER_APPICON_NAME = AppIcon;
				ASSETCATALOG_COMPILER_GLOBAL_ACCENT_COLOR_NAME = AccentColor;
				CODE_SIGN_STYLE = Automatic;
				CURRENT_PROJECT_VERSION = 1;
				GENERATE_INFOPLIST_FILE = YES;
				INFOPLIST_FILE = FoodMaster/Info.plist;
				INFOPLIST_KEY_UIApplicationSupportsIndirectInputEvents = YES;
				INFOPLIST_KEY_UILaunchStoryboardName = LaunchScreen;
				INFOPLIST_KEY_UIMainStoryboardFile = Main;
				INFOPLIST_KEY_UISupportedInterfaceOrientations_iPad = "UIInterfaceOrientationPortrait UIInterfaceOrientationPortraitUpsideDown UIInterfaceOrientationLandscapeLeft UIInterfaceOrientationLandscapeRight";
				INFOPLIST_KEY_UISupportedInterfaceOrientations_iPhone = "UIInterfaceOrientationPortrait UIInterfaceOrientationLandscapeLeft UIInterfaceOrientationLandscapeRight";
				LD_RUNPATH_SEARCH_PATHS = (
					"$(inherited)",
					"@executable_path/Frameworks",
				);
				MARKETING_VERSION = 1.0;
				PRODUCT_BUNDLE_IDENTIFIER = FoodMaster.co.FoodMaster;
				PRODUCT_NAME = "$(TARGET_NAME)";
				SWIFT_EMIT_LOC_STRINGS = YES;
				SWIFT_VERSION = 5.0;
				TARGETED_DEVICE_FAMILY = "1,2";
			};
			name = Debug;
		};
		CDBA7CEE29537409003E339F /* Release */ = {
			isa = XCBuildConfiguration;
			buildSettings = {
				ASSETCATALOG_COMPILER_APPICON_NAME = AppIcon;
				ASSETCATALOG_COMPILER_GLOBAL_ACCENT_COLOR_NAME = AccentColor;
				CODE_SIGN_STYLE = Automatic;
				CURRENT_PROJECT_VERSION = 1;
				GENERATE_INFOPLIST_FILE = YES;
				INFOPLIST_FILE = FoodMaster/Info.plist;
				INFOPLIST_KEY_UIApplicationSupportsIndirectInputEvents = YES;
				INFOPLIST_KEY_UILaunchStoryboardName = LaunchScreen;
				INFOPLIST_KEY_UIMainStoryboardFile = Main;
				INFOPLIST_KEY_UISupportedInterfaceOrientations_iPad = "UIInterfaceOrientationPortrait UIInterfaceOrientationPortraitUpsideDown UIInterfaceOrientationLandscapeLeft UIInterfaceOrientationLandscapeRight";
				INFOPLIST_KEY_UISupportedInterfaceOrientations_iPhone = "UIInterfaceOrientationPortrait UIInterfaceOrientationLandscapeLeft UIInterfaceOrientationLandscapeRight";
				LD_RUNPATH_SEARCH_PATHS = (
					"$(inherited)",
					"@executable_path/Frameworks",
				);
				MARKETING_VERSION = 1.0;
				PRODUCT_BUNDLE_IDENTIFIER = FoodMaster.co.FoodMaster;
				PRODUCT_NAME = "$(TARGET_NAME)";
				SWIFT_EMIT_LOC_STRINGS = YES;
				SWIFT_VERSION = 5.0;
				TARGETED_DEVICE_FAMILY = "1,2";
			};
			name = Release;
		};
/* End XCBuildConfiguration section */

/* Begin XCConfigurationList section */
		CDBA7CD329537408003E339F /* Build configuration list for PBXProject "FoodMaster" */ = {
			isa = XCConfigurationList;
			buildConfigurations = (
				CDBA7CEA29537409003E339F /* Debug */,
				CDBA7CEB29537409003E339F /* Release */,
			);
			defaultConfigurationIsVisible = 0;
			defaultConfigurationName = Release;
		};
		CDBA7CEC29537409003E339F /* Build configuration list for PBXNativeTarget "FoodMaster" */ = {
			isa = XCConfigurationList;
			buildConfigurations = (
				CDBA7CED29537409003E339F /* Debug */,
				CDBA7CEE29537409003E339F /* Release */,
			);
			defaultConfigurationIsVisible = 0;
			defaultConfigurationName = Release;
		};
/* End XCConfigurationList section */
	};
	rootObject = CDBA7CD029537408003E339F /* Project object */;
}
